
Microsoft Visual Studio Solution File, Format Version 12.00
# Visual Studio Version 17
VisualStudioVersion = 17.14.36915.13 d17.14
MinimumVisualStudioVersion = 10.0.40219.1
Project("{8BC9CEB8-8B4A-11D0-8D11-00A0C91BC942}") = "SListNode", "SListNode\SListNode.vcxproj", "{E23FDB93-4C9F-4759-9677-EBF463A0C325}"
EndProject
Global
	GlobalSection(SolutionConfigurationPlatforms) = preSolution
		Debug|x64 = Debug|x64
		Debug|x86 = Debug|x86
		Release|x64 = Release|x64
		Release|x86 = Release|x86
	EndGlobalSection
	GlobalSection(ProjectConfigurationPlatforms) = postSolution
		{E23FDB93-4C9F-4759-9677-EBF463A0C325}.Debug|x64.ActiveCfg = Debug|x64
		{E23FDB93-4C9F-4759-9677-EBF463A0C325}.Debug|x64.Build.0 = Debug|x64
		{E23FDB93-4C9F-4759-9677-EBF463A0C325}.Debug|x86.ActiveCfg = Debug|Win32
		{E23FDB93-4C9F-4759-9677-EBF463A0C325}.Debug|x86.Build.0 = Debug|Win32
		{E23FDB93-4C9F-4759-9677-EBF463A0C325}.Release|x64.ActiveCfg = Release|x64
		{E23FDB93-4C9F-4759-9677-EBF463A0C325}.Release|x64.Build.0 = Release|x64
		{E23FDB93-4C9F-4759-9677-EBF463A0C325}.Release|x86.ActiveCfg = Release|Win32
		{E23FDB93-4C9F-4759-9677-EBF463A0C325}.Release|x86.Build.0 = Release|Win32
	EndGlobalSection
	GlobalSection(SolutionProperties) = preSolution
		HideSolutionNode = FALSE
	EndGlobalSection
	GlobalSection(ExtensibilityGlobals) = postSolution
		SolutionGuid = {AB3D559C-E335-4838-B99D-1CEC388EE76C}
	EndGlobalSection
EndGlobal
